# This file is automatically @generated by Cargo.
# It is not intended for manual editing.
version = 4

[[package]]
name = "burn-dispatch-test-plugin"
version = "0.1.0"
dependencies = [
 "burn-dylib",
]

[[package]]
name = "burn-dylib"
version = "0.21.0-pre.2"

[[patch.unused]]
name = "cubecl-hip-sys"
version = "7.1.5280200"
